
Microsoft Visual Studio Solution File, Format Version 12.00
# Visual Studio Version 16
VisualStudioVersion = 16.0.29306.81
MinimumVisualStudioVersion = 10.0.40219.1
Project("{FAE04EC0-301F-11D3-BF4B-00C04F79EFBC}") = "BattleshipLite", "ConsuleUI\BattleshipLite.csproj", "{312E11D5-F87A-4D49-9495-1410E819C7C6}"
EndProject
Project("{FAE04EC0-301F-11D3-BF4B-00C04F79EFBC}") = "BattleshipsLibrary", "BattleshipsLibrary\BattleshipsLibrary.csproj", "{157B0CDE-F230-451E-AB94-21A4CA43CC5B}"
EndProject
Global
	GlobalSection(SolutionConfigurationPlatforms) = preSolution
		Debug|Any CPU = Debug|Any CPU
		Release|Any CPU = Release|Any CPU
	EndGlobalSection
	GlobalSection(ProjectConfigurationPlatforms) = postSolution
		{312E11D5-F87A-4D49-9495-1410E819C7C6}.Debug|Any CPU.ActiveCfg = Debug|Any CPU
		{312E11D5-F87A-4D49-9495-1410E819C7C6}.Debug|Any CPU.Build.0 = Debug|Any CPU
		{312E11D5-F87A-4D49-9495-1410E819C7C6}.Release|Any CPU.ActiveCfg = Release|Any CPU
		{312E11D5-F87A-4D49-9495-1410E819C7C6}.Release|Any CPU.Build.0 = Release|Any CPU
		{157B0CDE-F230-451E-AB94-21A4CA43CC5B}.Debug|Any CPU.ActiveCfg = Debug|Any CPU
		{157B0CDE-F230-451E-AB94-21A4CA43CC5B}.Debug|Any CPU.Build.0 = Debug|Any CPU
		{157B0CDE-F230-451E-AB94-21A4CA43CC5B}.Release|Any CPU.ActiveCfg = Release|Any CPU
		{157B0CDE-F230-451E-AB94-21A4CA43CC5B}.Release|Any CPU.Build.0 = Release|Any CPU
	EndGlobalSection
	GlobalSection(SolutionProperties) = preSolution
		HideSolutionNode = FALSE
	EndGlobalSection
	GlobalSection(ExtensibilityGlobals) = postSolution
		SolutionGuid = {922F5317-DB64-4099-A05B-E5B3B64FBC74}
	EndGlobalSection
EndGlobal
